Microsoft Visual Studio Solution File, Format Version 12.00
# Visual Studio Version 17
VisualStudioVersion = 17.0.31912.275
MinimumVisualStudioVersion = 10.0.40219.1
Project("{9A19103F-16F7-4668-BE54-9A1E7A4F7556}") = "ServicePool", "ServicePool\ServicePool.csproj", "{EC97C7A1-2C83-41C9-8F83-AFEF54A6A37F}"
EndProject
Project("{9A19103F-16F7-4668-BE54-9A1E7A4F7556}") = "ServicePool.Tests", "ServicePool.Tests\ServicePool.Tests.csproj", "{2254582E-D3FD-4518-8647-E327880C7D2E}"
EndProject
Project("{2150E333-8FDC-42A3-9474-1A3956D46DE8}") = "Solution Items", "Solution Items", "{84FA27A2-77B8-443F-B0FC-8493E3A373F6}"
	ProjectSection(SolutionItems) = preProject
		.editorconfig = .editorconfig
	EndProjectSection
EndProject
Project("{2150E333-8FDC-42A3-9474-1A3956D46DE8}") = "BuildTargets", "BuildTargets", "{A59AF99D-224F-4B6F-A8B5-4BDEB5172C40}"
	ProjectSection(SolutionItems) = preProject
		Directory.Build.props = Directory.Build.props
		Directory.Build.targets = Directory.Build.targets
	EndProjectSection
EndProject
Project("{2150E333-8FDC-42A3-9474-1A3956D46DE8}") = "Included files", "Included files", "{D42A0F58-A6F8-4D17-910F-8863C2EDB908}"
	ProjectSection(SolutionItems) = preProject
		..\BuildTargets\BuildPaths.props = ..\BuildTargets\BuildPaths.props
		..\BuildTargets\CompileOptions.targets = ..\BuildTargets\CompileOptions.targets
		..\BuildTargets\PackageInfo.props = ..\BuildTargets\PackageInfo.props
		..\BuildTargets\PackageVersion.props = ..\BuildTargets\PackageVersion.props
	EndProjectSection
EndProject
Project("{2150E333-8FDC-42A3-9474-1A3956D46DE8}") = "Workflows", "Workflows", "{610BBFFB-425B-4851-AC34-5CD62F74BA88}"
	ProjectSection(SolutionItems) = preProject
		..\.github\workflows\build.yml = ..\.github\workflows\build.yml
		..\.github\workflows\publish.yml = ..\.github\workflows\publish.yml
	EndProjectSection
EndProject
Project("{2150E333-8FDC-42A3-9474-1A3956D46DE8}") = "Docs", "Docs", "{CE6983D5-6C0D-4C91-836E-7D8A740E8028}"
	ProjectSection(SolutionItems) = preProject
		..\LICENSE = ..\LICENSE
		..\README.md = ..\README.md
	EndProjectSection
EndProject
Project("{2150E333-8FDC-42A3-9474-1A3956D46DE8}") = "docs", "docs", "{903AFC2B-B980-4832-BAD3-8183337CF55F}"
	ProjectSection(SolutionItems) = preProject
		..\docs\docfx.json = ..\docs\docfx.json
		..\docs\index.md = ..\docs\index.md
		..\docs\toc.yml = ..\docs\toc.yml
	EndProjectSection
EndProject
Project("{2150E333-8FDC-42A3-9474-1A3956D46DE8}") = "articles", "articles", "{EB9F79DB-73E7-40E2-B5A0-972D1F4A1AA5}"
	ProjectSection(SolutionItems) = preProject
		..\docs\articles\DiBasics.md = ..\docs\articles\DiBasics.md
		..\docs\articles\intro.md = ..\docs\articles\intro.md
		..\docs\articles\toc.yml = ..\docs\articles\toc.yml
		PoolConfig.md = PoolConfig.md
	EndProjectSection
EndProject
Project("{2150E333-8FDC-42A3-9474-1A3956D46DE8}") = "api", "api", "{1637DECB-EB8E-4A69-99B4-F12060340697}"
	ProjectSection(SolutionItems) = preProject
		..\docs\api\index.md = ..\docs\api\index.md
	EndProjectSection
EndProject
Global
	GlobalSection(SolutionConfigurationPlatforms) = preSolution
		Debug|Any CPU = Debug|Any CPU
		Release|Any CPU = Release|Any CPU
	EndGlobalSection
	GlobalSection(ProjectConfigurationPlatforms) = postSolution
		{EC97C7A1-2C83-41C9-8F83-AFEF54A6A37F}.Debug|Any CPU.ActiveCfg = Debug|Any CPU
		{EC97C7A1-2C83-41C9-8F83-AFEF54A6A37F}.Debug|Any CPU.Build.0 = Debug|Any CPU
		{EC97C7A1-2C83-41C9-8F83-AFEF54A6A37F}.Release|Any CPU.ActiveCfg = Release|Any CPU
		{EC97C7A1-2C83-41C9-8F83-AFEF54A6A37F}.Release|Any CPU.Build.0 = Release|Any CPU
		{2254582E-D3FD-4518-8647-E327880C7D2E}.Debug|Any CPU.ActiveCfg = Debug|Any CPU
		{2254582E-D3FD-4518-8647-E327880C7D2E}.Debug|Any CPU.Build.0 = Debug|Any CPU
		{2254582E-D3FD-4518-8647-E327880C7D2E}.Release|Any CPU.ActiveCfg = Release|Any CPU
		{2254582E-D3FD-4518-8647-E327880C7D2E}.Release|Any CPU.Build.0 = Release|Any CPU
	EndGlobalSection
	GlobalSection(SolutionProperties) = preSolution
		HideSolutionNode = FALSE
	EndGlobalSection
	GlobalSection(NestedProjects) = preSolution
		{A59AF99D-224F-4B6F-A8B5-4BDEB5172C40} = {84FA27A2-77B8-443F-B0FC-8493E3A373F6}
		{D42A0F58-A6F8-4D17-910F-8863C2EDB908} = {A59AF99D-224F-4B6F-A8B5-4BDEB5172C40}
		{610BBFFB-425B-4851-AC34-5CD62F74BA88} = {84FA27A2-77B8-443F-B0FC-8493E3A373F6}
		{CE6983D5-6C0D-4C91-836E-7D8A740E8028} = {84FA27A2-77B8-443F-B0FC-8493E3A373F6}
		{903AFC2B-B980-4832-BAD3-8183337CF55F} = {CE6983D5-6C0D-4C91-836E-7D8A740E8028}
		{EB9F79DB-73E7-40E2-B5A0-972D1F4A1AA5} = {903AFC2B-B980-4832-BAD3-8183337CF55F}
		{1637DECB-EB8E-4A69-99B4-F12060340697} = {903AFC2B-B980-4832-BAD3-8183337CF55F}
	EndGlobalSection
	GlobalSection(ExtensibilityGlobals) = postSolution
		SolutionGuid = {AFDF6DE6-FFE0-4906-88E0-FAB69F5D5DDE}
	EndGlobalSection
EndGlobal
